
Microsoft Visual Studio Solution File, Format Version 12.00
# Visual Studio Version 17
VisualStudioVersion = 17.14.36221.1 d17.14
MinimumVisualStudioVersion = 10.0.40219.1
Project("{FAE04EC0-301F-11D3-BF4B-00C04F79EFBC}") = "MergeSort", "MergeSort.csproj", "{1818D0A7-96F6-481D-93CC-67D593BB5336}"
EndProject
Global
	GlobalSection(SolutionConfigurationPlatforms) = preSolution
		Debug|Any CPU = Debug|Any CPU
		Release|Any CPU = Release|Any CPU
	EndGlobalSection
	GlobalSection(ProjectConfigurationPlatforms) = postSolution
		{1818D0A7-96F6-481D-93CC-67D593BB5336}.Debug|Any CPU.ActiveCfg = Debug|Any CPU
		{1818D0A7-96F6-481D-93CC-67D593BB5336}.Debug|Any CPU.Build.0 = Debug|Any CPU
		{1818D0A7-96F6-481D-93CC-67D593BB5336}.Release|Any CPU.ActiveCfg = Release|Any CPU
		{1818D0A7-96F6-481D-93CC-67D593BB5336}.Release|Any CPU.Build.0 = Release|Any CPU
	EndGlobalSection
	GlobalSection(SolutionProperties) = preSolution
		HideSolutionNode = FALSE
	EndGlobalSection
	GlobalSection(ExtensibilityGlobals) = postSolution
		SolutionGuid = {9B490C28-3314-4B8C-89C6-C682BC278382}
	EndGlobalSection
EndGlobal
